
Microsoft Visual Studio Solution File, Format Version 12.00
# Visual Studio Version 17
VisualStudioVersion = 17.14.36908.2 d17.14
MinimumVisualStudioVersion = 10.0.40219.1
Project("{FAE04EC0-301F-11D3-BF4B-00C04F79EFBC}") = "Rick_BackendTest_MidLevel", "Rick_BackendTest_MidLevel\Rick_BackendTest_MidLevel.csproj", "{AC40386B-043A-4579-AEE0-D31674AF5831}"
EndProject
Global
	GlobalSection(SolutionConfigurationPlatforms) = preSolution
		Debug|Any CPU = Debug|Any CPU
		Release|Any CPU = Release|Any CPU
	EndGlobalSection
	GlobalSection(ProjectConfigurationPlatforms) = postSolution
		{AC40386B-043A-4579-AEE0-D31674AF5831}.Debug|Any CPU.ActiveCfg = Debug|Any CPU
		{AC40386B-043A-4579-AEE0-D31674AF5831}.Debug|Any CPU.Build.0 = Debug|Any CPU
		{AC40386B-043A-4579-AEE0-D31674AF5831}.Release|Any CPU.ActiveCfg = Release|Any CPU
		{AC40386B-043A-4579-AEE0-D31674AF5831}.Release|Any CPU.Build.0 = Release|Any CPU
	EndGlobalSection
	GlobalSection(SolutionProperties) = preSolution
		HideSolutionNode = FALSE
	EndGlobalSection
	GlobalSection(ExtensibilityGlobals) = postSolution
		SolutionGuid = {460CFAE1-D47C-4E96-8F32-974D52CF5398}
	EndGlobalSection
EndGlobal
